// !$*UTF8*$!
{
	archiveVersion = 1;
	classes = {
	};
	objectVersion = 46;
	objects = {

/* Begin PBXBuildFile section */
		2C86A7A01BF4D4910000FF13 /* AppDelegate.swift in Sources */ = {isa = PBXBuildFile; fileRef = 2C86A79F1BF4D4910000FF13 /* AppDelegate.swift */; };
		2C86A7A21BF4D4910000FF13 /* ViewController.swift in Sources */ = {isa = PBXBuildFile; fileRef = 2C86A7A11BF4D4910000FF13 /* ViewController.swift */; };
		2C86A7A51BF4D4910000FF13 /* Main.storyboard in Resources */ = {isa = PBXBuildFile; fileRef = 2C86A7A31BF4D4910000FF13 /* Main.storyboard */; };
		2C86A7A71BF4D4910000FF13 /* Assets.xcassets in Resources */ = {isa = PBXBuildFile; fileRef = 2C86A7A61BF4D4910000FF13 /* Assets.xcassets */; };
		2C86A7AA1BF4D4910000FF13 /* LaunchScreen.storyboard in Resources */ = {isa = PBXBuildFile; fileRef = 2C86A7A81BF4D4910000FF13 /* LaunchScreen.storyboard */; };
		2C86A7B21BF4DC420000FF13 /* pokemon.csv in Resources */ = {isa = PBXBuildFile; fileRef = 2C86A7B11BF4DC420000FF13 /* pokemon.csv */; };
		2C86A7B51BF4E01D0000FF13 /* Pokemon.swift in Sources */ = {isa = PBXBuildFile; fileRef = 2C86A7B41BF4E01D0000FF13 /* Pokemon.swift */; };
		2C86A7B81BF4EE740000FF13 /* PokeCell.swift in Sources */ = {isa = PBXBuildFile; fileRef = 2C86A7B71BF4EE740000FF13 /* PokeCell.swift */; };
		2C86A7BA1BF5B41C0000FF13 /* csv.swift in Sources */ = {isa = PBXBuildFile; fileRef = 2C86A7B91BF5B41C0000FF13 /* csv.swift */; };
		2C86A7BF1BF5C5B80000FF13 /* pokemon.ttf in Resources */ = {isa = PBXBuildFile; fileRef = 2C86A7BE1BF5C5B80000FF13 /* pokemon.ttf */; };
		2C86A7C31BF5CEE30000FF13 /* music.mp3 in Resources */ = {isa = PBXBuildFile; fileRef = 2C86A7C21BF5CEE30000FF13 /* music.mp3 */; };
		2C86A7C51BF61D3C0000FF13 /* PokemonDetailVC.swift in Sources */ = {isa = PBXBuildFile; fileRef = 2C86A7C41BF61D3C0000FF13 /* PokemonDetailVC.swift */; };
		E97856BDD5D40E55E4F716A3 /* Pods_pokedex.framework in Frameworks */ = {isa = PBXBuildFile; fileRef = F8D087DE8C1F564EE9F24375 /* Pods_pokedex.framework */; };
/* End PBXBuildFile section */

/* Begin PBXFileReference section */
		2C86A79C1BF4D4910000FF13 /* pokedex.app */ = {isa = PBXFileReference; explicitFileType = wrapper.application; includeInIndex = 0; path = pokedex.app; sourceTree = BUILT_PRODUCTS_DIR; };
		2C86A79F1BF4D4910000FF13 /* AppDelegate.swift */ = {isa = PBXFileReference; lastKnownFileType = sourcecode.swift; path = AppDelegate.swift; sourceTree = "<group>"; };
		2C86A7A11BF4D4910000FF13 /* ViewController.swift */ = {isa = PBXFileReference; lastKnownFileType = sourcecode.swift; path = ViewController.swift; sourceTree = "<group>"; };
		2C86A7A41BF4D4910000FF13 /* Base */ = {isa = PBXFileReference; lastKnownFileType = file.storyboard; name = Base; path = Base.lproj/Main.storyboard; sourceTree = "<group>"; };
		2C86A7A61BF4D4910000FF13 /* Assets.xcassets */ = {isa = PBXFileReference; lastKnownFileType = folder.assetcatalog; path = Assets.xcassets; sourceTree = "<group>"; };
		2C86A7A91BF4D4910000FF13 /* Base */ = {isa = PBXFileReference; lastKnownFileType = file.storyboard; name = Base; path = Base.lproj/LaunchScreen.storyboard; sourceTree = "<group>"; };
		2C86A7AB1BF4D4910000FF13 /* Info.plist */ = {isa = PBXFileReference; lastKnownFileType = text.plist.xml; path = Info.plist; sourceTree = "<group>"; };
		2C86A7B11BF4DC420000FF13 /* pokemon.csv */ = {isa = PBXFileReference; fileEncoding = 4; lastKnownFileType = text; path = pokemon.csv; sourceTree = "<group>"; };
		2C86A7B41BF4E01D0000FF13 /* Pokemon.swift */ = {isa = PBXFileReference; fileEncoding = 4; lastKnownFileType = sourcecode.swift; path = Pokemon.swift; sourceTree = "<group>"; };
		2C86A7B71BF4EE740000FF13 /* PokeCell.swift */ = {isa = PBXFileReference; fileEncoding = 4; lastKnownFileType = sourcecode.swift; path = PokeCell.swift; sourceTree = "<group>"; };
		2C86A7B91BF5B41C0000FF13 /* csv.swift */ = {isa = PBXFileReference; fileEncoding = 4; lastKnownFileType = sourcecode.swift; path = csv.swift; sourceTree = "<group>"; };
		2C86A7BE1BF5C5B80000FF13 /* pokemon.ttf */ = {isa = PBXFileReference; lastKnownFileType = file; path = pokemon.ttf; sourceTree = "<group>"; };
		2C86A7C21BF5CEE30000FF13 /* music.mp3 */ = {isa = PBXFileReference; lastKnownFileType = audio.mp3; path = music.mp3; sourceTree = "<group>"; };
		2C86A7C41BF61D3C0000FF13 /* PokemonDetailVC.swift */ = {isa = PBXFileReference; fileEncoding = 4; lastKnownFileType = sourcecode.swift; path = PokemonDetailVC.swift; sourceTree = "<group>"; };
		8B3ABDAB111FBE0C77549EDE /* Pods-pokedex.release.xcconfig */ = {isa = PBXFileReference; includeInIndex = 1; lastKnownFileType = text.xcconfig; name = "Pods-pokedex.release.xcconfig"; path = "Pods/Target Support Files/Pods-pokedex/Pods-pokedex.release.xcconfig"; sourceTree = "<group>"; };
		F8D087DE8C1F564EE9F24375 /* Pods_pokedex.framework */ = {isa = PBXFileReference; explicitFileType = wrapper.framework; includeInIndex = 0; path = Pods_pokedex.framework; sourceTree = BUILT_PRODUCTS_DIR; };
		FAB8BB1514E1BDAE688136E3 /* Pods-pokedex.debug.xcconfig */ = {isa = PBXFileReference; includeInIndex = 1; lastKnownFileType = text.xcconfig; name = "Pods-pokedex.debug.xcconfig"; path = "Pods/Target Support Files/Pods-pokedex/Pods-pokedex.debug.xcconfig"; sourceTree = "<group>"; };
/* End PBXFileReference section */

/* Begin PBXFrameworksBuildPhase section */
		2C86A7991BF4D4910000FF13 /* Frameworks */ = {
			isa = PBXFrameworksBuildPhase;
			buildActionMask = 2147483647;
			files = (
				E97856BDD5D40E55E4F716A3 /* Pods_pokedex.framework in Frameworks */,
			);
			runOnlyForDeploymentPostprocessing = 0;
		};
/* End PBXFrameworksBuildPhase section */

/* Begin PBXGroup section */
		2C86A7931BF4D4910000FF13 = {
			isa = PBXGroup;
			children = (
				2C86A79E1BF4D4910000FF13 /* pokedex */,
				2C86A79D1BF4D4910000FF13 /* Products */,
				5CAF298C6E20176070E1E9B9 /* Pods */,
				2F9FC39367FBD52663C4D6DE /* Frameworks */,
			);
			sourceTree = "<group>";
		};
		2C86A79D1BF4D4910000FF13 /* Products */ = {
			isa = PBXGroup;
			children = (
				2C86A79C1BF4D4910000FF13 /* pokedex.app */,
			);
			name = Products;
			sourceTree = "<group>";
		};
		2C86A79E1BF4D4910000FF13 /* pokedex */ = {
			isa = PBXGroup;
			children = (
				2C86A7B31BF4DFC40000FF13 /* Model */,
				2C86A7B61BF4EE0B0000FF13 /* View */,
				2C86A7BC1BF5B4FA0000FF13 /* Controller */,
				2C86A7BB1BF5B45E0000FF13 /* Util */,
				2C86A7BD1BF5B52F0000FF13 /* Resources */,
				2C86A79F1BF4D4910000FF13 /* AppDelegate.swift */,
				2C86A7A31BF4D4910000FF13 /* Main.storyboard */,
				2C86A7A61BF4D4910000FF13 /* Assets.xcassets */,
				2C86A7A81BF4D4910000FF13 /* LaunchScreen.storyboard */,
				2C86A7AB1BF4D4910000FF13 /* Info.plist */,
			);
			path = pokedex;
			sourceTree = "<group>";
		};
		2C86A7B31BF4DFC40000FF13 /* Model */ = {
			isa = PBXGroup;
			children = (
				2C86A7B41BF4E01D0000FF13 /* Pokemon.swift */,
			);
			name = Model;
			sourceTree = "<group>";
		};
		2C86A7B61BF4EE0B0000FF13 /* View */ = {
			isa = PBXGroup;
			children = (
				2C86A7B71BF4EE740000FF13 /* PokeCell.swift */,
			);
			name = View;
			sourceTree = "<group>";
		};
		2C86A7BB1BF5B45E0000FF13 /* Util */ = {
			isa = PBXGroup;
			children = (
				2C86A7B91BF5B41C0000FF13 /* csv.swift */,
			);
			name = Util;
			sourceTree = "<group>";
		};
		2C86A7BC1BF5B4FA0000FF13 /* Controller */ = {
			isa = PBXGroup;
			children = (
				2C86A7A11BF4D4910000FF13 /* ViewController.swift */,
				2C86A7C41BF61D3C0000FF13 /* PokemonDetailVC.swift */,
			);
			name = Controller;
			sourceTree = "<group>";
		};
		2C86A7BD1BF5B52F0000FF13 /* Resources */ = {
			isa = PBXGroup;
			children = (
				2C86A7BE1BF5C5B80000FF13 /* pokemon.ttf */,
				2C86A7C21BF5CEE30000FF13 /* music.mp3 */,
				2C86A7B11BF4DC420000FF13 /* pokemon.csv */,
			);
			name = Resources;
			sourceTree = "<group>";
		};
		2F9FC39367FBD52663C4D6DE /* Frameworks */ = {
			isa = PBXGroup;
			children = (
				F8D087DE8C1F564EE9F24375 /* Pods_pokedex.framework */,
			);
			name = Frameworks;
			sourceTree = "<group>";
		};
		5CAF298C6E20176070E1E9B9 /* Pods */ = {
			isa = PBXGroup;
			children = (
				FAB8BB1514E1BDAE688136E3 /* Pods-pokedex.debug.xcconfig */,
				8B3ABDAB111FBE0C77549EDE /* Pods-pokedex.release.xcconfig */,
			);
			name = Pods;
			sourceTree = "<group>";
		};
/* End PBXGroup section */

/* Begin PBXNativeTarget section */
		2C86A79B1BF4D4910000FF13 /* pokedex */ = {
			isa = PBXNativeTarget;
			buildConfigurationList = 2C86A7AE1BF4D4910000FF13 /* Build configuration list for PBXNativeTarget "pokedex" */;
			buildPhases = (
				0D574F8532E61A1EE63D48B8 /* Check Pods Manifest.lock */,
				2C86A7981BF4D4910000FF13 /* Sources */,
				2C86A7991BF4D4910000FF13 /* Frameworks */,
				2C86A79A1BF4D4910000FF13 /* Resources */,
				9A11DA9C980B5D301E6A3D20 /* Embed Pods Frameworks */,
				7459418D5D0257CDBDB0465F /* Copy Pods Resources */,
			);
			buildRules = (
			);
			dependencies = (
			);
			name = pokedex;
			productName = pokedex;
			productReference = 2C86A79C1BF4D4910000FF13 /* pokedex.app */;
			productType = "com.apple.product-type.application";
		};
/* End PBXNativeTarget section */

/* Begin PBXProject section */
		2C86A7941BF4D4910000FF13 /* Project object */ = {
			isa = PBXProject;
			attributes = {
				LastSwiftUpdateCheck = 0710;
				LastUpgradeCheck = 0710;
				ORGANIZATIONNAME = "Siew Mai Chan";
				TargetAttributes = {
					2C86A79B1BF4D4910000FF13 = {
						CreatedOnToolsVersion = 7.1;
					};
				};
			};
			buildConfigurationList = 2C86A7971BF4D4910000FF13 /* Build configuration list for PBXProject "pokedex" */;
			compatibilityVersion = "Xcode 3.2";
			developmentRegion = English;
			hasScannedForEncodings = 0;
			knownRegions = (
				en,
				Base,
			);
			mainGroup = 2C86A7931BF4D4910000FF13;
			productRefGroup = 2C86A79D1BF4D4910000FF13 /* Products */;
			projectDirPath = "";
			projectRoot = "";
			targets = (
				2C86A79B1BF4D4910000FF13 /* pokedex */,
			);
		};
/* End PBXProject section */

/* Begin PBXResourcesBuildPhase section */
		2C86A79A1BF4D4910000FF13 /* Resources */ = {
			isa = PBXResourcesBuildPhase;
			buildActionMask = 2147483647;
			files = (
				2C86A7BF1BF5C5B80000FF13 /* pokemon.ttf in Resources */,
				2C86A7AA1BF4D4910000FF13 /* LaunchScreen.storyboard in Resources */,
				2C86A7A71BF4D4910000FF13 /* Assets.xcassets in Resources */,
				2C86A7B21BF4DC420000FF13 /* pokemon.csv in Resources */,
				2C86A7C31BF5CEE30000FF13 /* music.mp3 in Resources */,
				2C86A7A51BF4D4910000FF13 /* Main.storyboard in Resources */,
			);
			runOnlyForDeploymentPostprocessing = 0;
		};
/* End PBXResourcesBuildPhase section */

/* Begin PBXShellScriptBuildPhase section */
		0D574F8532E61A1EE63D48B8 /* Check Pods Manifest.lock */ = {
			isa = PBXShellScriptBuildPhase;
			buildActionMask = 2147483647;
			files = (
			);
			inputPaths = (
			);
			name = "Check Pods Manifest.lock";
			outputPaths = (
			);
			runOnlyForDeploymentPostprocessing = 0;
			shellPath = /bin/sh;
			shellScript = "diff \"${PODS_ROOT}/../Podfile.lock\" \"${PODS_ROOT}/Manifest.lock\" > /dev/null\nif [[ $? != 0 ]] ; then\n    cat << EOM\nerror: The sandbox is not in sync with the Podfile.lock. Run 'pod install' or update your CocoaPods installation.\nEOM\n    exit 1\nfi\n";
			showEnvVarsInLog = 0;
		};
		7459418D5D0257CDBDB0465F /* Copy Pods Resources */ = {
			isa = PBXShellScriptBuildPhase;
			buildActionMask = 2147483647;
			files = (
			);
			inputPaths = (
			);
			name = "Copy Pods Resources";
			outputPaths = (
			);
			runOnlyForDeploymentPostprocessing = 0;
			shellPath = /bin/sh;
			shellScript = "\"${SRCROOT}/Pods/Target Support Files/Pods-pokedex/Pods-pokedex-resources.sh\"\n";
			showEnvVarsInLog = 0;
		};
		9A11DA9C980B5D301E6A3D20 /* Embed Pods Frameworks */ = {
			isa = PBXShellScriptBuildPhase;
			buildActionMask = 2147483647;
			files = (
			);
			inputPaths = (
			);
			name = "Embed Pods Frameworks";
			outputPaths = (
			);
			runOnlyForDeploymentPostprocessing = 0;
			shellPath = /bin/sh;
			shellScript = "\"${SRCROOT}/Pods/Target Support Files/Pods-pokedex/Pods-pokedex-frameworks.sh\"\n";
			showEnvVarsInLog = 0;
		};
/* End PBXShellScriptBuildPhase section */

/* Begin PBXSourcesBuildPhase section */
		2C86A7981BF4D4910000FF13 /* Sources */ = {
			isa = PBXSourcesBuildPhase;
			buildActionMask = 2147483647;
			files = (
				2C86A7B81BF4EE740000FF13 /* PokeCell.swift in Sources */,
				2C86A7A21BF4D4910000FF13 /* ViewController.swift in Sources */,
				2C86A7A01BF4D4910000FF13 /* AppDelegate.swift in Sources */,
				2C86A7C51BF61D3C0000FF13 /* PokemonDetailVC.swift in Sources */,
				2C86A7B51BF4E01D0000FF13 /* Pokemon.swift in Sources */,
				2C86A7BA1BF5B41C0000FF13 /* csv.swift in Sources */,
			);
			runOnlyForDeploymentPostprocessing = 0;
		};
/* End PBXSourcesBuildPhase section */

/* Begin PBXVariantGroup section */
		2C86A7A31BF4D4910000FF13 /* Main.storyboard */ = {
			isa = PBXVariantGroup;
			children = (
				2C86A7A41BF4D4910000FF13 /* Base */,
			);
			name = Main.storyboard;
			sourceTree = "<group>";
		};
		2C86A7A81BF4D4910000FF13 /* LaunchScreen.storyboard */ = {
			isa = PBXVariantGroup;
			children = (
				2C86A7A91BF4D4910000FF13 /* Base */,
			);
			name = LaunchScreen.storyboard;
			sourceTree = "<group>";
		};
/* End PBXVariantGroup section */

/* Begin XCBuildConfiguration section */
		2C86A7AC1BF4D4910000FF13 /* Debug */ = {
			isa = XCBuildConfiguration;
			buildSettings = {
				ALWAYS_SEARCH_USER_PATHS = NO;
				CLANG_CXX_LANGUAGE_STANDARD = "gnu++0x";
				CLANG_CXX_LIBRARY = "libc++";
				CLANG_ENABLE_MODULES = YES;
				CLANG_ENABLE_OBJC_ARC = YES;
				CLANG_WARN_BOOL_CONVERSION = YES;
				CLANG_WARN_CONSTANT_CONVERSION = YES;
				CLANG_WARN_DIRECT_OBJC_ISA_USAGE = YES_ERROR;
				CLANG_WARN_EMPTY_BODY = YES;
				CLANG_WARN_ENUM_CONVERSION = YES;
				CLANG_WARN_INT_CONVERSION = YES;
				CLANG_WARN_OBJC_ROOT_CLASS = YES_ERROR;
				CLANG_WARN_UNREACHABLE_CODE = YES;
				CLANG_WARN__DUPLICATE_METHOD_MATCH = YES;
				"CODE_SIGN_IDENTITY[sdk=iphoneos*]" = "iPhone Developer";
				COPY_PHASE_STRIP = NO;
				DEBUG_INFORMATION_FORMAT = dwarf;
				ENABLE_STRICT_OBJC_MSGSEND = YES;
				ENABLE_TESTABILITY = YES;
				GCC_C_LANGUAGE_STANDARD = gnu99;
				GCC_DYNAMIC_NO_PIC = NO;
				GCC_NO_COMMON_BLOCKS = YES;
				GCC_OPTIMIZATION_LEVEL = 0;
				GCC_PREPROCESSOR_DEFINITIONS = (
					"DEBUG=1",
					"$(inherited)",
				);
				GCC_WARN_64_TO_32_BIT_CONVERSION = YES;
				GCC_WARN_ABOUT_RETURN_TYPE = YES_ERROR;
				GCC_WARN_UNDECLARED_SELECTOR = YES;
				GCC_WARN_UNINITIALIZED_AUTOS = YES_AGGRESSIVE;
				GCC_WARN_UNUSED_FUNCTION = YES;
				GCC_WARN_UNUSED_VARIABLE = YES;
				IPHONEOS_DEPLOYMENT_TARGET = 9.1;
				MTL_ENABLE_DEBUG_INFO = YES;
				ONLY_ACTIVE_ARCH = YES;
				SDKROOT = iphoneos;
				SWIFT_OPTIMIZATION_LEVEL = "-Onone";
			};
			name = Debug;
		};
		2C86A7AD1BF4D4910000FF13 /* Release */ = {
			isa = XCBuildConfiguration;
			buildSettings = {
				ALWAYS_SEARCH_USER_PATHS = NO;
				CLANG_CXX_LANGUAGE_STANDARD = "gnu++0x";
				CLANG_CXX_LIBRARY = "libc++";
				CLANG_ENABLE_MODULES = YES;
				CLANG_ENABLE_OBJC_ARC = YES;
				CLANG_WARN_BOOL_CONVERSION = YES;
				CLANG_WARN_CONSTANT_CONVERSION = YES;
				CLANG_WARN_DIRECT_OBJC_ISA_USAGE = YES_ERROR;
				CLANG_WARN_EMPTY_BODY = YES;
				CLANG_WARN_ENUM_CONVERSION = YES;
				CLANG_WARN_INT_CONVERSION = YES;
				CLANG_WARN_OBJC_ROOT_CLASS = YES_ERROR;
				CLANG_WARN_UNREACHABLE_CODE = YES;
				CLANG_WARN__DUPLICATE_METHOD_MATCH = YES;
				"CODE_SIGN_IDENTITY[sdk=iphoneos*]" = "iPhone Developer";
				COPY_PHASE_STRIP = NO;
				DEBUG_INFORMATION_FORMAT = "dwarf-with-dsym";
				ENABLE_NS_ASSERTIONS = NO;
				ENABLE_STRICT_OBJC_MSGSEND = YES;
				GCC_C_LANGUAGE_STANDARD = gnu99;
				GCC_NO_COMMON_BLOCKS = YES;
				GCC_WARN_64_TO_32_BIT_CONVERSION = YES;
				GCC_WARN_ABOUT_RETURN_TYPE = YES_ERROR;
				GCC_WARN_UNDECLARED_SELECTOR = YES;
				GCC_WARN_UNINITIALIZED_AUTOS = YES_AGGRESSIVE;
				GCC_WARN_UNUSED_FUNCTION = YES;
				GCC_WARN_UNUSED_VARIABLE = YES;
				IPHONEOS_DEPLOYMENT_TARGET = 9.1;
				MTL_ENABLE_DEBUG_INFO = NO;
				SDKROOT = iphoneos;
				VALIDATE_PRODUCT = YES;
			};
			name = Release;
		};
		2C86A7AF1BF4D4910000FF13 /* Debug */ = {
			isa = XCBuildConfiguration;
			baseConfigurationReference = FAB8BB1514E1BDAE688136E3 /* Pods-pokedex.debug.xcconfig */;
			buildSettings = {
				ASSETCATALOG_COMPILER_APPICON_NAME = AppIcon;
				INFOPLIST_FILE = pokedex/Info.plist;
				LD_RUNPATH_SEARCH_PATHS = "$(inherited) @executable_path/Frameworks";
				PRODUCT_BUNDLE_IDENTIFIER = com.siewmai.pokedex;
				PRODUCT_NAME = "$(TARGET_NAME)";
				TARGETED_DEVICE_FAMILY = "1,2";
			};
			name = Debug;
		};
		2C86A7B01BF4D4910000FF13 /* Release */ = {
			isa = XCBuildConfiguration;
			baseConfigurationReference = 8B3ABDAB111FBE0C77549EDE /* Pods-pokedex.release.xcconfig */;
			buildSettings = {
				ASSETCATALOG_COMPILER_APPICON_NAME = AppIcon;
				INFOPLIST_FILE = pokedex/Info.plist;
				LD_RUNPATH_SEARCH_PATHS = "$(inherited) @executable_path/Frameworks";
				PRODUCT_BUNDLE_IDENTIFIER = com.siewmai.pokedex;
				PRODUCT_NAME = "$(TARGET_NAME)";
				TARGETED_DEVICE_FAMILY = "1,2";
			};
			name = Release;
		};
/* End XCBuildConfiguration section */

/* Begin XCConfigurationList section */
		2C86A7971BF4D4910000FF13 /* Build configuration list for PBXProject "pokedex" */ = {
			isa = XCConfigurationList;
			buildConfigurations = (
				2C86A7AC1BF4D4910000FF13 /* Debug */,
				2C86A7AD1BF4D4910000FF13 /* Release */,
			);
			defaultConfigurationIsVisible = 0;
			defaultConfigurationName = Release;
		};
		2C86A7AE1BF4D4910000FF13 /* Build configuration list for PBXNativeTarget "pokedex" */ = {
			isa = XCConfigurationList;
			buildConfigurations = (
				2C86A7AF1BF4D4910000FF13 /* Debug */,
				2C86A7B01BF4D4910000FF13 /* Release */,
			);
			defaultConfigurationIsVisible = 0;
			defaultConfigurationName = Release;
		};
/* End XCConfigurationList section */
	};
	rootObject = 2C86A7941BF4D4910000FF13 /* Project object */;
}
